
Microsoft Visual Studio Solution File, Format Version 10.00
# Visual Studio 2008
Project("{8BC9CEB8-8B4A-11D0-8D11-00A0C91BC942}") = "simplefeatex", "simplefeatex.vcproj", "{51C5EB4E-A6D6-385C-AC10-CD554E2395AF}"
	ProjectSection(ProjectDependencies) = postProject
		{DD8FBF03-6F4C-3C22-96EF-6BF1D675F055} = {DD8FBF03-6F4C-3C22-96EF-6BF1D675F055}
		{CD6BD4C9-391B-39C0-A3C7-4C048239433C} = {CD6BD4C9-391B-39C0-A3C7-4C048239433C}
	EndProjectSection
EndProject
Project("{8BC9CEB8-8B4A-11D0-8D11-00A0C91BC942}") = "featex", "..\..\libs\featex\featex.vcproj", "{CD6BD4C9-391B-39C0-A3C7-4C048239433C}"
EndProject
Project("{8BC9CEB8-8B4A-11D0-8D11-00A0C91BC942}") = "cl2", "..\..\..\cl2.git\cl2.vcproj", "{DD8FBF03-6F4C-3C22-96EF-6BF1D675F055}"
EndProject
Global
	GlobalSection(SolutionConfigurationPlatforms) = preSolution
		Debug|Win32 = Debug|Win32
		Release|Win32 = Release|Win32
	EndGlobalSection
	GlobalSection(ProjectConfigurationPlatforms) = postSolution
		{51C5EB4E-A6D6-385C-AC10-CD554E2395AF}.Debug|Win32.ActiveCfg = Debug|Win32
		{51C5EB4E-A6D6-385C-AC10-CD554E2395AF}.Debug|Win32.Build.0 = Debug|Win32
		{51C5EB4E-A6D6-385C-AC10-CD554E2395AF}.Release|Win32.ActiveCfg = Release|Win32
		{51C5EB4E-A6D6-385C-AC10-CD554E2395AF}.Release|Win32.Build.0 = Release|Win32
		{CD6BD4C9-391B-39C0-A3C7-4C048239433C}.Debug|Win32.ActiveCfg = Debug|Win32
		{CD6BD4C9-391B-39C0-A3C7-4C048239433C}.Debug|Win32.Build.0 = Debug|Win32
		{CD6BD4C9-391B-39C0-A3C7-4C048239433C}.Release|Win32.ActiveCfg = Release|Win32
		{CD6BD4C9-391B-39C0-A3C7-4C048239433C}.Release|Win32.Build.0 = Release|Win32
		{DD8FBF03-6F4C-3C22-96EF-6BF1D675F055}.Debug|Win32.ActiveCfg = Debug|Win32
		{DD8FBF03-6F4C-3C22-96EF-6BF1D675F055}.Debug|Win32.Build.0 = Debug|Win32
		{DD8FBF03-6F4C-3C22-96EF-6BF1D675F055}.Release|Win32.ActiveCfg = Release|Win32
		{DD8FBF03-6F4C-3C22-96EF-6BF1D675F055}.Release|Win32.Build.0 = Release|Win32
	EndGlobalSection
	GlobalSection(SolutionProperties) = preSolution
		HideSolutionNode = FALSE
	EndGlobalSection
EndGlobal
